
Microsoft Visual Studio Solution File, Format Version 12.00
# Visual Studio Version 17
VisualStudioVersion = 17.14.36301.6 d17.14
MinimumVisualStudioVersion = 10.0.40219.1
Project("{FAE04EC0-301F-11D3-BF4B-00C04F79EFBC}") = "ApiWithRoles", "ApiWithRoles.csproj", "{B54B8984-3865-4651-A061-8B4BB23A8503}"
EndProject
Global
	GlobalSection(SolutionConfigurationPlatforms) = preSolution
		Debug|Any CPU = Debug|Any CPU
		Release|Any CPU = Release|Any CPU
	EndGlobalSection
	GlobalSection(ProjectConfigurationPlatforms) = postSolution
		{B54B8984-3865-4651-A061-8B4BB23A8503}.Debug|Any CPU.ActiveCfg = Debug|Any CPU
		{B54B8984-3865-4651-A061-8B4BB23A8503}.Debug|Any CPU.Build.0 = Debug|Any CPU
		{B54B8984-3865-4651-A061-8B4BB23A8503}.Release|Any CPU.ActiveCfg = Release|Any CPU
		{B54B8984-3865-4651-A061-8B4BB23A8503}.Release|Any CPU.Build.0 = Release|Any CPU
	EndGlobalSection
	GlobalSection(SolutionProperties) = preSolution
		HideSolutionNode = FALSE
	EndGlobalSection
	GlobalSection(ExtensibilityGlobals) = postSolution
		SolutionGuid = {C632421B-8F43-49EB-BA91-AE6FB9D2EFF4}
	EndGlobalSection
EndGlobal
